
Microsoft Visual Studio Solution File, Format Version 12.00
# Visual Studio Version 17
VisualStudioVersion = 17.11.35219.272
MinimumVisualStudioVersion = 10.0.40219.1
Project("{FAE04EC0-301F-11D3-BF4B-00C04F79EFBC}") = "Laboratorio7", "Laboratorio7.csproj", "{C0769BCD-C5B8-400A-8079-E21CC7258543}"
EndProject
Project("{FAE04EC0-301F-11D3-BF4B-00C04F79EFBC}") = "Lab71", "..\Lab71\Lab71.csproj", "{96333283-4E6E-4F77-8EDC-C95151866CBD}"
EndProject
Project("{FAE04EC0-301F-11D3-BF4B-00C04F79EFBC}") = "Lab72", "..\Lab72\Lab72.csproj", "{AE2CCD4F-00CC-412E-87DD-051D548B2CB9}"
EndProject
Global
	GlobalSection(SolutionConfigurationPlatforms) = preSolution
		Debug|Any CPU = Debug|Any CPU
		Release|Any CPU = Release|Any CPU
	EndGlobalSection
	GlobalSection(ProjectConfigurationPlatforms) = postSolution
		{C0769BCD-C5B8-400A-8079-E21CC7258543}.Debug|Any CPU.ActiveCfg = Debug|Any CPU
		{C0769BCD-C5B8-400A-8079-E21CC7258543}.Debug|Any CPU.Build.0 = Debug|Any CPU
		{C0769BCD-C5B8-400A-8079-E21CC7258543}.Release|Any CPU.ActiveCfg = Release|Any CPU
		{C0769BCD-C5B8-400A-8079-E21CC7258543}.Release|Any CPU.Build.0 = Release|Any CPU
		{96333283-4E6E-4F77-8EDC-C95151866CBD}.Debug|Any CPU.ActiveCfg = Debug|Any CPU
		{96333283-4E6E-4F77-8EDC-C95151866CBD}.Debug|Any CPU.Build.0 = Debug|Any CPU
		{96333283-4E6E-4F77-8EDC-C95151866CBD}.Release|Any CPU.ActiveCfg = Release|Any CPU
		{96333283-4E6E-4F77-8EDC-C95151866CBD}.Release|Any CPU.Build.0 = Release|Any CPU
		{AE2CCD4F-00CC-412E-87DD-051D548B2CB9}.Debug|Any CPU.ActiveCfg = Debug|Any CPU
		{AE2CCD4F-00CC-412E-87DD-051D548B2CB9}.Debug|Any CPU.Build.0 = Debug|Any CPU
		{AE2CCD4F-00CC-412E-87DD-051D548B2CB9}.Release|Any CPU.ActiveCfg = Release|Any CPU
		{AE2CCD4F-00CC-412E-87DD-051D548B2CB9}.Release|Any CPU.Build.0 = Release|Any CPU
	EndGlobalSection
	GlobalSection(SolutionProperties) = preSolution
		HideSolutionNode = FALSE
	EndGlobalSection
	GlobalSection(ExtensibilityGlobals) = postSolution
		SolutionGuid = {E297B116-0884-4331-9DB8-54BBC331F1D0}
	EndGlobalSection
EndGlobal
