
Microsoft Visual Studio Solution File, Format Version 12.00
# Visual Studio Version 17
VisualStudioVersion = 17.11.35219.272
MinimumVisualStudioVersion = 10.0.40219.1
Project("{FAE04EC0-301F-11D3-BF4B-00C04F79EFBC}") = "Laboratorio11", "Laboratorio11.csproj", "{7A4CF42E-DAC5-41A4-9648-114C5832BFDC}"
EndProject
Global
	GlobalSection(SolutionConfigurationPlatforms) = preSolution
		Debug|Any CPU = Debug|Any CPU
		Release|Any CPU = Release|Any CPU
	EndGlobalSection
	GlobalSection(ProjectConfigurationPlatforms) = postSolution
		{7A4CF42E-DAC5-41A4-9648-114C5832BFDC}.Debug|Any CPU.ActiveCfg = Debug|Any CPU
		{7A4CF42E-DAC5-41A4-9648-114C5832BFDC}.Debug|Any CPU.Build.0 = Debug|Any CPU
		{7A4CF42E-DAC5-41A4-9648-114C5832BFDC}.Release|Any CPU.ActiveCfg = Release|Any CPU
		{7A4CF42E-DAC5-41A4-9648-114C5832BFDC}.Release|Any CPU.Build.0 = Release|Any CPU
	EndGlobalSection
	GlobalSection(SolutionProperties) = preSolution
		HideSolutionNode = FALSE
	EndGlobalSection
	GlobalSection(ExtensibilityGlobals) = postSolution
		SolutionGuid = {8905D7DF-9A27-440E-91F9-5CC441CD2635}
	EndGlobalSection
EndGlobal
