
Microsoft Visual Studio Solution File, Format Version 12.00
# Visual Studio Version 17
VisualStudioVersion = 17.13.35507.96 d17.13
MinimumVisualStudioVersion = 10.0.40219.1
Project("{FAE04EC0-301F-11D3-BF4B-00C04F79EFBC}") = "Laboratorio15", "Laboratorio15.csproj", "{DA9473A7-D9C3-42AE-A206-4030A0726098}"
EndProject
Project("{FAE04EC0-301F-11D3-BF4B-00C04F79EFBC}") = "lab152", "..\lab152\lab152.csproj", "{76A834B1-F4D1-4678-A025-D53B009C893F}"
EndProject
Global
	GlobalSection(SolutionConfigurationPlatforms) = preSolution
		Debug|Any CPU = Debug|Any CPU
		Release|Any CPU = Release|Any CPU
	EndGlobalSection
	GlobalSection(ProjectConfigurationPlatforms) = postSolution
		{DA9473A7-D9C3-42AE-A206-4030A0726098}.Debug|Any CPU.ActiveCfg = Debug|Any CPU
		{DA9473A7-D9C3-42AE-A206-4030A0726098}.Debug|Any CPU.Build.0 = Debug|Any CPU
		{DA9473A7-D9C3-42AE-A206-4030A0726098}.Release|Any CPU.ActiveCfg = Release|Any CPU
		{DA9473A7-D9C3-42AE-A206-4030A0726098}.Release|Any CPU.Build.0 = Release|Any CPU
		{76A834B1-F4D1-4678-A025-D53B009C893F}.Debug|Any CPU.ActiveCfg = Debug|Any CPU
		{76A834B1-F4D1-4678-A025-D53B009C893F}.Debug|Any CPU.Build.0 = Debug|Any CPU
		{76A834B1-F4D1-4678-A025-D53B009C893F}.Release|Any CPU.ActiveCfg = Release|Any CPU
		{76A834B1-F4D1-4678-A025-D53B009C893F}.Release|Any CPU.Build.0 = Release|Any CPU
	EndGlobalSection
	GlobalSection(SolutionProperties) = preSolution
		HideSolutionNode = FALSE
	EndGlobalSection
	GlobalSection(ExtensibilityGlobals) = postSolution
		SolutionGuid = {CFE2B2E4-E03C-4947-B017-B0BC1079E32E}
	EndGlobalSection
EndGlobal
